
Microsoft Visual Studio Solution File, Format Version 12.00
# Visual Studio Version 17
VisualStudioVersion = 17.4.33213.308
MinimumVisualStudioVersion = 10.0.40219.1
Project("{FAE04EC0-301F-11D3-BF4B-00C04F79EFBC}") = "HelloWorld", "HelloWorld\HelloWorld.csproj", "{13796048-B087-408A-8C4D-3E21D351BF19}"
EndProject
Global
	GlobalSection(SolutionConfigurationPlatforms) = preSolution
		Debug|Any CPU = Debug|Any CPU
		Release|Any CPU = Release|Any CPU
	EndGlobalSection
	GlobalSection(ProjectConfigurationPlatforms) = postSolution
		{13796048-B087-408A-8C4D-3E21D351BF19}.Debug|Any CPU.ActiveCfg = Debug|Any CPU
		{13796048-B087-408A-8C4D-3E21D351BF19}.Debug|Any CPU.Build.0 = Debug|Any CPU
		{13796048-B087-408A-8C4D-3E21D351BF19}.Release|Any CPU.ActiveCfg = Release|Any CPU
		{13796048-B087-408A-8C4D-3E21D351BF19}.Release|Any CPU.Build.0 = Release|Any CPU
	EndGlobalSection
	GlobalSection(SolutionProperties) = preSolution
		HideSolutionNode = FALSE
	EndGlobalSection
	GlobalSection(ExtensibilityGlobals) = postSolution
		SolutionGuid = {EDB084D1-C09E-40DE-AAE2-7532EF1A8FC3}
	EndGlobalSection
EndGlobal
